
Microsoft Visual Studio Solution File, Format Version 12.00
# Visual Studio Version 17
VisualStudioVersion = 17.5.33530.505
MinimumVisualStudioVersion = 10.0.40219.1
Project("{FAE04EC0-301F-11D3-BF4B-00C04F79EFBC}") = "LabW2_Chernyshov", "LabW2_Chernyshov.csproj", "{B72844CB-D12A-498E-8C54-F23B178C35F9}"
EndProject
Global
	GlobalSection(SolutionConfigurationPlatforms) = preSolution
		Debug|Any CPU = Debug|Any CPU
		Release|Any CPU = Release|Any CPU
	EndGlobalSection
	GlobalSection(ProjectConfigurationPlatforms) = postSolution
		{B72844CB-D12A-498E-8C54-F23B178C35F9}.Debug|Any CPU.ActiveCfg = Debug|Any CPU
		{B72844CB-D12A-498E-8C54-F23B178C35F9}.Debug|Any CPU.Build.0 = Debug|Any CPU
		{B72844CB-D12A-498E-8C54-F23B178C35F9}.Release|Any CPU.ActiveCfg = Release|Any CPU
		{B72844CB-D12A-498E-8C54-F23B178C35F9}.Release|Any CPU.Build.0 = Release|Any CPU
	EndGlobalSection
	GlobalSection(SolutionProperties) = preSolution
		HideSolutionNode = FALSE
	EndGlobalSection
	GlobalSection(ExtensibilityGlobals) = postSolution
		SolutionGuid = {21503119-D88E-4A60-A457-99371672BE77}
	EndGlobalSection
EndGlobal
